
Microsoft Visual Studio Solution File, Format Version 12.00
# Visual Studio Version 17
VisualStudioVersion = 17.9.34714.143
MinimumVisualStudioVersion = 10.0.40219.1
Project("{FAE04EC0-301F-11D3-BF4B-00C04F79EFBC}") = "WebApp", "WebApp\WebApp.csproj", "{558A1F36-79EA-4FE4-94FF-73919403A880}"
EndProject
Project("{FAE04EC0-301F-11D3-BF4B-00C04F79EFBC}") = "Infrastructure", "Infrastructure\Infrastructure.csproj", "{C273819D-BFDC-4C94-89F1-3F6D24A45FE7}"
EndProject
Global
	GlobalSection(SolutionConfigurationPlatforms) = preSolution
		Debug|Any CPU = Debug|Any CPU
		Release|Any CPU = Release|Any CPU
	EndGlobalSection
	GlobalSection(ProjectConfigurationPlatforms) = postSolution
		{558A1F36-79EA-4FE4-94FF-73919403A880}.Debug|Any CPU.ActiveCfg = Debug|Any CPU
		{558A1F36-79EA-4FE4-94FF-73919403A880}.Debug|Any CPU.Build.0 = Debug|Any CPU
		{558A1F36-79EA-4FE4-94FF-73919403A880}.Release|Any CPU.ActiveCfg = Release|Any CPU
		{558A1F36-79EA-4FE4-94FF-73919403A880}.Release|Any CPU.Build.0 = Release|Any CPU
		{C273819D-BFDC-4C94-89F1-3F6D24A45FE7}.Debug|Any CPU.ActiveCfg = Debug|Any CPU
		{C273819D-BFDC-4C94-89F1-3F6D24A45FE7}.Debug|Any CPU.Build.0 = Debug|Any CPU
		{C273819D-BFDC-4C94-89F1-3F6D24A45FE7}.Release|Any CPU.ActiveCfg = Release|Any CPU
		{C273819D-BFDC-4C94-89F1-3F6D24A45FE7}.Release|Any CPU.Build.0 = Release|Any CPU
	EndGlobalSection
	GlobalSection(SolutionProperties) = preSolution
		HideSolutionNode = FALSE
	EndGlobalSection
	GlobalSection(ExtensibilityGlobals) = postSolution
		SolutionGuid = {A276E2F2-9409-4454-8D3A-FF68A7496777}
	EndGlobalSection
EndGlobal
