
Microsoft Visual Studio Solution File, Format Version 12.00
# Visual Studio Version 17
VisualStudioVersion = 17.9.34622.214
MinimumVisualStudioVersion = 10.0.40219.1
Project("{FAE04EC0-301F-11D3-BF4B-00C04F79EFBC}") = "WebApp", "WebApp\WebApp.csproj", "{F1C6EE88-3786-4147-965F-1833C4BA9115}"
EndProject
Project("{FAE04EC0-301F-11D3-BF4B-00C04F79EFBC}") = "Infrastructure", "Infrastructure\Infrastructure.csproj", "{C57485F1-4602-4578-958E-9B523F7E3D86}"
EndProject
Global
	GlobalSection(SolutionConfigurationPlatforms) = preSolution
		Debug|Any CPU = Debug|Any CPU
		Release|Any CPU = Release|Any CPU
	EndGlobalSection
	GlobalSection(ProjectConfigurationPlatforms) = postSolution
		{F1C6EE88-3786-4147-965F-1833C4BA9115}.Debug|Any CPU.ActiveCfg = Debug|Any CPU
		{F1C6EE88-3786-4147-965F-1833C4BA9115}.Debug|Any CPU.Build.0 = Debug|Any CPU
		{F1C6EE88-3786-4147-965F-1833C4BA9115}.Release|Any CPU.ActiveCfg = Release|Any CPU
		{F1C6EE88-3786-4147-965F-1833C4BA9115}.Release|Any CPU.Build.0 = Release|Any CPU
		{C57485F1-4602-4578-958E-9B523F7E3D86}.Debug|Any CPU.ActiveCfg = Debug|Any CPU
		{C57485F1-4602-4578-958E-9B523F7E3D86}.Debug|Any CPU.Build.0 = Debug|Any CPU
		{C57485F1-4602-4578-958E-9B523F7E3D86}.Release|Any CPU.ActiveCfg = Release|Any CPU
		{C57485F1-4602-4578-958E-9B523F7E3D86}.Release|Any CPU.Build.0 = Release|Any CPU
	EndGlobalSection
	GlobalSection(SolutionProperties) = preSolution
		HideSolutionNode = FALSE
	EndGlobalSection
	GlobalSection(ExtensibilityGlobals) = postSolution
		SolutionGuid = {B1AD0072-C3C5-456B-AABB-2FD40E59CCB6}
	EndGlobalSection
EndGlobal
